
Microsoft Visual Studio Solution File, Format Version 12.00
# Visual Studio Version 16
VisualStudioVersion = 16.0.30128.74
MinimumVisualStudioVersion = 10.0.40219.1
Project("{FAE04EC0-301F-11D3-BF4B-00C04F79EFBC}") = "IfsSync2Sender", "IfsSync2Sender.csproj", "{A6BAB51B-E4D1-4DCF-8D57-9F4E5B19C981}"
EndProject
Global
	GlobalSection(SharedMSBuildProjectFiles) = preSolution
		..\IfsSync2Data\IfsSync2Data.projitems*{a6bab51b-e4d1-4dcf-8d57-9f4e5b19c981}*SharedItemsImports = 4
	EndGlobalSection
	GlobalSection(SolutionConfigurationPlatforms) = preSolution
		Debug|Any CPU = Debug|Any CPU
		Debug|x64 = Debug|x64
		Debug|x86 = Debug|x86
		Release|Any CPU = Release|Any CPU
		Release|x64 = Release|x64
		Release|x86 = Release|x86
	EndGlobalSection
	GlobalSection(ProjectConfigurationPlatforms) = postSolution
		{A6BAB51B-E4D1-4DCF-8D57-9F4E5B19C981}.Debug|Any CPU.ActiveCfg = Debug|Any CPU
		{A6BAB51B-E4D1-4DCF-8D57-9F4E5B19C981}.Debug|Any CPU.Build.0 = Debug|Any CPU
		{A6BAB51B-E4D1-4DCF-8D57-9F4E5B19C981}.Debug|x64.ActiveCfg = Debug|x64
		{A6BAB51B-E4D1-4DCF-8D57-9F4E5B19C981}.Debug|x64.Build.0 = Debug|x64
		{A6BAB51B-E4D1-4DCF-8D57-9F4E5B19C981}.Debug|x86.ActiveCfg = Debug|x86
		{A6BAB51B-E4D1-4DCF-8D57-9F4E5B19C981}.Debug|x86.Build.0 = Debug|x86
		{A6BAB51B-E4D1-4DCF-8D57-9F4E5B19C981}.Release|Any CPU.ActiveCfg = Release|Any CPU
		{A6BAB51B-E4D1-4DCF-8D57-9F4E5B19C981}.Release|Any CPU.Build.0 = Release|Any CPU
		{A6BAB51B-E4D1-4DCF-8D57-9F4E5B19C981}.Release|x64.ActiveCfg = Release|x64
		{A6BAB51B-E4D1-4DCF-8D57-9F4E5B19C981}.Release|x64.Build.0 = Release|x64
		{A6BAB51B-E4D1-4DCF-8D57-9F4E5B19C981}.Release|x86.ActiveCfg = Release|x86
		{A6BAB51B-E4D1-4DCF-8D57-9F4E5B19C981}.Release|x86.Build.0 = Release|x86
	EndGlobalSection
	GlobalSection(SolutionProperties) = preSolution
		HideSolutionNode = FALSE
	EndGlobalSection
	GlobalSection(ExtensibilityGlobals) = postSolution
		SolutionGuid = {FD043354-0BF2-4D8C-9C09-F18387673C3D}
	EndGlobalSection
EndGlobal
