
Microsoft Visual Studio Solution File, Format Version 12.00
# Visual Studio Version 16
VisualStudioVersion = 16.0.29806.167
MinimumVisualStudioVersion = 10.0.40219.1
Project("{FAE04EC0-301F-11D3-BF4B-00C04F79EFBC}") = "IfsSync2UI", "IfsSync2UI\IfsSync2UI.csproj", "{57BFA1B3-9A71-4109-BC4F-9B43B7BDA2A1}"
EndProject
Project("{D954291E-2A0B-460D-934E-DC6B0785DB48}") = "IfsSync2Datas", "IfsSync2Data\IfsSync2Datas.shproj", "{13D330F6-1E4F-4009-9385-B0E292698A1A}"
EndProject
Project("{FAE04EC0-301F-11D3-BF4B-00C04F79EFBC}") = "IfsSync2Filter", "IfsSync2Filter\IfsSync2Filter.csproj", "{B6DE4BB2-E583-4994-AB87-51FBF0B0F281}"
EndProject
Project("{FAE04EC0-301F-11D3-BF4B-00C04F79EFBC}") = "IfsSync2Init", "IfsSync2Init\IfsSync2Init.csproj", "{BD54207F-7B6B-40A3-913D-C5D421A917A9}"
EndProject
Project("{FAE04EC0-301F-11D3-BF4B-00C04F79EFBC}") = "IfsSync2Sender", "IfsSync2Sender\IfsSync2Sender.csproj", "{A6BAB51B-E4D1-4DCF-8D57-9F4E5B19C981}"
EndProject
Project("{FAE04EC0-301F-11D3-BF4B-00C04F79EFBC}") = "IfsSync2TrayIcon", "IfsSync2TrayIcon\IfsSync2TrayIcon.csproj", "{91D6384F-A92A-4A7F-B17C-C14BE5E5F00C}"
EndProject
Project("{FAE04EC0-301F-11D3-BF4B-00C04F79EFBC}") = "IfsSync2WatcherService", "IfsSync2WatcherService\IfsSync2WatcherService.csproj", "{1BBD062A-1FCD-48CD-B874-D65BDD7B8A9D}"
EndProject
Project("{2150E333-8FDC-42A3-9474-1A3956D46DE8}") = "Solution Items", "Solution Items", "{31CAA21B-2ACA-4070-AC96-CDB83CF046F3}"
	ProjectSection(SolutionItems) = preProject
		..\README.md = ..\README.md
		..\Update Log.md = ..\Update Log.md
	EndProjectSection
EndProject
Global
	GlobalSection(SharedMSBuildProjectFiles) = preSolution
		IfsSync2Data\IfsSync2Data.projitems*{13d330f6-1e4f-4009-9385-b0e292698a1a}*SharedItemsImports = 13
		IfsSync2Data\IfsSync2Data.projitems*{1bbd062a-1fcd-48cd-b874-d65bdd7b8a9d}*SharedItemsImports = 4
		IfsSync2Data\IfsSync2Data.projitems*{57bfa1b3-9a71-4109-bc4f-9b43b7bda2a1}*SharedItemsImports = 4
		IfsSync2Data\IfsSync2Data.projitems*{91d6384f-a92a-4a7f-b17c-c14be5e5f00c}*SharedItemsImports = 4
		IfsSync2Data\IfsSync2Data.projitems*{a6bab51b-e4d1-4dcf-8d57-9f4e5b19c981}*SharedItemsImports = 4
		IfsSync2Data\IfsSync2Data.projitems*{b6de4bb2-e583-4994-ab87-51fbf0b0f281}*SharedItemsImports = 4
		IfsSync2Data\IfsSync2Data.projitems*{bd54207f-7b6b-40a3-913d-c5d421a917a9}*SharedItemsImports = 4
	EndGlobalSection
	GlobalSection(SolutionConfigurationPlatforms) = preSolution
		Debug|Any CPU = Debug|Any CPU
		Debug|x64 = Debug|x64
		Release|Any CPU = Release|Any CPU
		Release|x64 = Release|x64
	EndGlobalSection
	GlobalSection(ProjectConfigurationPlatforms) = postSolution
		{57BFA1B3-9A71-4109-BC4F-9B43B7BDA2A1}.Debug|Any CPU.ActiveCfg = Debug|Any CPU
		{57BFA1B3-9A71-4109-BC4F-9B43B7BDA2A1}.Debug|Any CPU.Build.0 = Debug|Any CPU
		{57BFA1B3-9A71-4109-BC4F-9B43B7BDA2A1}.Debug|x64.ActiveCfg = Debug|x64
		{57BFA1B3-9A71-4109-BC4F-9B43B7BDA2A1}.Debug|x64.Build.0 = Debug|x64
		{57BFA1B3-9A71-4109-BC4F-9B43B7BDA2A1}.Release|Any CPU.ActiveCfg = Release|Any CPU
		{57BFA1B3-9A71-4109-BC4F-9B43B7BDA2A1}.Release|Any CPU.Build.0 = Release|Any CPU
		{57BFA1B3-9A71-4109-BC4F-9B43B7BDA2A1}.Release|x64.ActiveCfg = Release|x64
		{57BFA1B3-9A71-4109-BC4F-9B43B7BDA2A1}.Release|x64.Build.0 = Release|x64
		{B6DE4BB2-E583-4994-AB87-51FBF0B0F281}.Debug|Any CPU.ActiveCfg = Debug|Any CPU
		{B6DE4BB2-E583-4994-AB87-51FBF0B0F281}.Debug|Any CPU.Build.0 = Debug|Any CPU
		{B6DE4BB2-E583-4994-AB87-51FBF0B0F281}.Debug|x64.ActiveCfg = Debug|x64
		{B6DE4BB2-E583-4994-AB87-51FBF0B0F281}.Debug|x64.Build.0 = Debug|x64
		{B6DE4BB2-E583-4994-AB87-51FBF0B0F281}.Release|Any CPU.ActiveCfg = Release|Any CPU
		{B6DE4BB2-E583-4994-AB87-51FBF0B0F281}.Release|Any CPU.Build.0 = Release|Any CPU
		{B6DE4BB2-E583-4994-AB87-51FBF0B0F281}.Release|x64.ActiveCfg = Release|x64
		{B6DE4BB2-E583-4994-AB87-51FBF0B0F281}.Release|x64.Build.0 = Release|x64
		{BD54207F-7B6B-40A3-913D-C5D421A917A9}.Debug|Any CPU.ActiveCfg = Debug|Any CPU
		{BD54207F-7B6B-40A3-913D-C5D421A917A9}.Debug|Any CPU.Build.0 = Debug|Any CPU
		{BD54207F-7B6B-40A3-913D-C5D421A917A9}.Debug|x64.ActiveCfg = Debug|x64
		{BD54207F-7B6B-40A3-913D-C5D421A917A9}.Debug|x64.Build.0 = Debug|x64
		{BD54207F-7B6B-40A3-913D-C5D421A917A9}.Release|Any CPU.ActiveCfg = Release|Any CPU
		{BD54207F-7B6B-40A3-913D-C5D421A917A9}.Release|Any CPU.Build.0 = Release|Any CPU
		{BD54207F-7B6B-40A3-913D-C5D421A917A9}.Release|x64.ActiveCfg = Release|x64
		{BD54207F-7B6B-40A3-913D-C5D421A917A9}.Release|x64.Build.0 = Release|x64
		{A6BAB51B-E4D1-4DCF-8D57-9F4E5B19C981}.Debug|Any CPU.ActiveCfg = Debug|Any CPU
		{A6BAB51B-E4D1-4DCF-8D57-9F4E5B19C981}.Debug|Any CPU.Build.0 = Debug|Any CPU
		{A6BAB51B-E4D1-4DCF-8D57-9F4E5B19C981}.Debug|x64.ActiveCfg = Debug|x64
		{A6BAB51B-E4D1-4DCF-8D57-9F4E5B19C981}.Debug|x64.Build.0 = Debug|x64
		{A6BAB51B-E4D1-4DCF-8D57-9F4E5B19C981}.Release|Any CPU.ActiveCfg = Release|Any CPU
		{A6BAB51B-E4D1-4DCF-8D57-9F4E5B19C981}.Release|Any CPU.Build.0 = Release|Any CPU
		{A6BAB51B-E4D1-4DCF-8D57-9F4E5B19C981}.Release|x64.ActiveCfg = Release|x64
		{A6BAB51B-E4D1-4DCF-8D57-9F4E5B19C981}.Release|x64.Build.0 = Release|x64
		{91D6384F-A92A-4A7F-B17C-C14BE5E5F00C}.Debug|Any CPU.ActiveCfg = Debug|Any CPU
		{91D6384F-A92A-4A7F-B17C-C14BE5E5F00C}.Debug|Any CPU.Build.0 = Debug|Any CPU
		{91D6384F-A92A-4A7F-B17C-C14BE5E5F00C}.Debug|x64.ActiveCfg = Debug|x64
		{91D6384F-A92A-4A7F-B17C-C14BE5E5F00C}.Debug|x64.Build.0 = Debug|x64
		{91D6384F-A92A-4A7F-B17C-C14BE5E5F00C}.Release|Any CPU.ActiveCfg = Release|Any CPU
		{91D6384F-A92A-4A7F-B17C-C14BE5E5F00C}.Release|Any CPU.Build.0 = Release|Any CPU
		{91D6384F-A92A-4A7F-B17C-C14BE5E5F00C}.Release|x64.ActiveCfg = Release|x64
		{91D6384F-A92A-4A7F-B17C-C14BE5E5F00C}.Release|x64.Build.0 = Release|x64
		{1BBD062A-1FCD-48CD-B874-D65BDD7B8A9D}.Debug|Any CPU.ActiveCfg = Debug|Any CPU
		{1BBD062A-1FCD-48CD-B874-D65BDD7B8A9D}.Debug|Any CPU.Build.0 = Debug|Any CPU
		{1BBD062A-1FCD-48CD-B874-D65BDD7B8A9D}.Debug|x64.ActiveCfg = Debug|x64
		{1BBD062A-1FCD-48CD-B874-D65BDD7B8A9D}.Debug|x64.Build.0 = Debug|x64
		{1BBD062A-1FCD-48CD-B874-D65BDD7B8A9D}.Release|Any CPU.ActiveCfg = Release|Any CPU
		{1BBD062A-1FCD-48CD-B874-D65BDD7B8A9D}.Release|Any CPU.Build.0 = Release|Any CPU
		{1BBD062A-1FCD-48CD-B874-D65BDD7B8A9D}.Release|x64.ActiveCfg = Release|x64
		{1BBD062A-1FCD-48CD-B874-D65BDD7B8A9D}.Release|x64.Build.0 = Release|x64
	EndGlobalSection
	GlobalSection(SolutionProperties) = preSolution
		HideSolutionNode = FALSE
	EndGlobalSection
	GlobalSection(ExtensibilityGlobals) = postSolution
		SolutionGuid = {4D6363FC-00E0-47AB-A192-4C98091BDB25}
	EndGlobalSection
EndGlobal
